// !$*UTF8*$!
{
	archiveVersion = 1;
	classes = {
	};
	objectVersion = 48;
	objects = {

/* Begin PBXBuildFile section */
		0AEAB8E48B954EBEB9C74622 /* Pods_ChatAppFirebaseUITests.framework in Frameworks */ = {isa = PBXBuildFile; fileRef = 7F9A749CDD7E77A14EA4EC96 /* Pods_ChatAppFirebaseUITests.framework */; };
		550C3EE31FFE445800C1A316 /* AppDelegate.swift in Sources */ = {isa = PBXBuildFile; fileRef = 550C3EE21FFE445800C1A316 /* AppDelegate.swift */; };
		550C3EE51FFE445800C1A316 /* ViewController.swift in Sources */ = {isa = PBXBuildFile; fileRef = 550C3EE41FFE445800C1A316 /* ViewController.swift */; };
		550C3EE81FFE445800C1A316 /* Main.storyboard in Resources */ = {isa = PBXBuildFile; fileRef = 550C3EE61FFE445800C1A316 /* Main.storyboard */; };
		550C3EEB1FFE445800C1A316 /* ChatAppFirebase.xcdatamodeld in Sources */ = {isa = PBXBuildFile; fileRef = 550C3EE91FFE445800C1A316 /* ChatAppFirebase.xcdatamodeld */; };
		550C3EED1FFE445800C1A316 /* Assets.xcassets in Resources */ = {isa = PBXBuildFile; fileRef = 550C3EEC1FFE445800C1A316 /* Assets.xcassets */; };
		550C3EF01FFE445800C1A316 /* LaunchScreen.storyboard in Resources */ = {isa = PBXBuildFile; fileRef = 550C3EEE1FFE445800C1A316 /* LaunchScreen.storyboard */; };
		550C3EFB1FFE445800C1A316 /* ChatAppFirebaseTests.swift in Sources */ = {isa = PBXBuildFile; fileRef = 550C3EFA1FFE445800C1A316 /* ChatAppFirebaseTests.swift */; };
		550C3F061FFE445800C1A316 /* ChatAppFirebaseUITests.swift in Sources */ = {isa = PBXBuildFile; fileRef = 550C3F051FFE445800C1A316 /* ChatAppFirebaseUITests.swift */; };
		550C3F141FFE44E700C1A316 /* GoogleService-Info.plist in Resources */ = {isa = PBXBuildFile; fileRef = 550C3F131FFE44E600C1A316 /* GoogleService-Info.plist */; };
		555A23AB1FFF921C007164C2 /* VCLogin.swift in Sources */ = {isa = PBXBuildFile; fileRef = 555A23AA1FFF921C007164C2 /* VCLogin.swift */; };
		555A23AD1FFFBC10007164C2 /* TVCellChat.swift in Sources */ = {isa = PBXBuildFile; fileRef = 555A23AC1FFFBC10007164C2 /* TVCellChat.swift */; };
		555A23AF1FFFBCE6007164C2 /* Chat.swift in Sources */ = {isa = PBXBuildFile; fileRef = 555A23AE1FFFBCE6007164C2 /* Chat.swift */; };
		EFB300782A82B6A123FE33AF /* Pods_ChatAppFirebaseTests.framework in Frameworks */ = {isa = PBXBuildFile; fileRef = 7934EEABE5F3C63907F3D432 /* Pods_ChatAppFirebaseTests.framework */; };
		F0B7E2C8E8391DE09A3845F1 /* Pods_ChatAppFirebase.framework in Frameworks */ = {isa = PBXBuildFile; fileRef = 9754D52537E729365D87DDB7 /* Pods_ChatAppFirebase.framework */; };
/* End PBXBuildFile section */

/* Begin PBXContainerItemProxy section */
		550C3EF71FFE445800C1A316 /* PBXContainerItemProxy */ = {
			isa = PBXContainerItemProxy;
			containerPortal = 550C3ED71FFE445800C1A316 /* Project object */;
			proxyType = 1;
			remoteGlobalIDString = 550C3EDE1FFE445800C1A316;
			remoteInfo = ChatAppFirebase;
		};
		550C3F021FFE445800C1A316 /* PBXContainerItemProxy */ = {
			isa = PBXContainerItemProxy;
			containerPortal = 550C3ED71FFE445800C1A316 /* Project object */;
			proxyType = 1;
			remoteGlobalIDString = 550C3EDE1FFE445800C1A316;
			remoteInfo = ChatAppFirebase;
		};
/* End PBXContainerItemProxy section */

/* Begin PBXFileReference section */
		0DAC53521008DF11D2137800 /* Pods-ChatAppFirebaseTests.release.xcconfig */ = {isa = PBXFileReference; includeInIndex = 1; lastKnownFileType = text.xcconfig; name = "Pods-ChatAppFirebaseTests.release.xcconfig"; path = "Pods/Target Support Files/Pods-ChatAppFirebaseTests/Pods-ChatAppFirebaseTests.release.xcconfig"; sourceTree = "<group>"; };
		17FBF0F61506E56177B2EC93 /* Pods-ChatAppFirebaseUITests.release.xcconfig */ = {isa = PBXFileReference; includeInIndex = 1; lastKnownFileType = text.xcconfig; name = "Pods-ChatAppFirebaseUITests.release.xcconfig"; path = "Pods/Target Support Files/Pods-ChatAppFirebaseUITests/Pods-ChatAppFirebaseUITests.release.xcconfig"; sourceTree = "<group>"; };
		550C3EDF1FFE445800C1A316 /* ChatAppFirebase.app */ = {isa = PBXFileReference; explicitFileType = wrapper.application; includeInIndex = 0; path = ChatAppFirebase.app; sourceTree = BUILT_PRODUCTS_DIR; };
		550C3EE21FFE445800C1A316 /* AppDelegate.swift */ = {isa = PBXFileReference; lastKnownFileType = sourcecode.swift; path = AppDelegate.swift; sourceTree = "<group>"; };
		550C3EE41FFE445800C1A316 /* ViewController.swift */ = {isa = PBXFileReference; lastKnownFileType = sourcecode.swift; path = ViewController.swift; sourceTree = "<group>"; };
		550C3EE71FFE445800C1A316 /* Base */ = {isa = PBXFileReference; lastKnownFileType = file.storyboard; name = Base; path = Base.lproj/Main.storyboard; sourceTree = "<group>"; };
		550C3EEA1FFE445800C1A316 /* ChatAppFirebase.xcdatamodel */ = {isa = PBXFileReference; lastKnownFileType = wrapper.xcdatamodel; path = ChatAppFirebase.xcdatamodel; sourceTree = "<group>"; };
		550C3EEC1FFE445800C1A316 /* Assets.xcassets */ = {isa = PBXFileReference; lastKnownFileType = folder.assetcatalog; path = Assets.xcassets; sourceTree = "<group>"; };
		550C3EEF1FFE445800C1A316 /* Base */ = {isa = PBXFileReference; lastKnownFileType = file.storyboard; name = Base; path = Base.lproj/LaunchScreen.storyboard; sourceTree = "<group>"; };
		550C3EF11FFE445800C1A316 /* Info.plist */ = {isa = PBXFileReference; lastKnownFileType = text.plist.xml; path = Info.plist; sourceTree = "<group>"; };
		550C3EF61FFE445800C1A316 /* ChatAppFirebaseTests.xctest */ = {isa = PBXFileReference; explicitFileType = wrapper.cfbundle; includeInIndex = 0; path = ChatAppFirebaseTests.xctest; sourceTree = BUILT_PRODUCTS_DIR; };
		550C3EFA1FFE445800C1A316 /* ChatAppFirebaseTests.swift */ = {isa = PBXFileReference; lastKnownFileType = sourcecode.swift; path = ChatAppFirebaseTests.swift; sourceTree = "<group>"; };
		550C3EFC1FFE445800C1A316 /* Info.plist */ = {isa = PBXFileReference; lastKnownFileType = text.plist.xml; path = Info.plist; sourceTree = "<group>"; };
		550C3F011FFE445800C1A316 /* ChatAppFirebaseUITests.xctest */ = {isa = PBXFileReference; explicitFileType = wrapper.cfbundle; includeInIndex = 0; path = ChatAppFirebaseUITests.xctest; sourceTree = BUILT_PRODUCTS_DIR; };
		550C3F051FFE445800C1A316 /* ChatAppFirebaseUITests.swift */ = {isa = PBXFileReference; lastKnownFileType = sourcecode.swift; path = ChatAppFirebaseUITests.swift; sourceTree = "<group>"; };
		550C3F071FFE445800C1A316 /* Info.plist */ = {isa = PBXFileReference; lastKnownFileType = text.plist.xml; path = Info.plist; sourceTree = "<group>"; };
		550C3F131FFE44E600C1A316 /* GoogleService-Info.plist */ = {isa = PBXFileReference; fileEncoding = 4; lastKnownFileType = text.plist.xml; path = "GoogleService-Info.plist"; sourceTree = "<group>"; };
		555A23AA1FFF921C007164C2 /* VCLogin.swift */ = {isa = PBXFileReference; lastKnownFileType = sourcecode.swift; path = VCLogin.swift; sourceTree = "<group>"; };
		555A23AC1FFFBC10007164C2 /* TVCellChat.swift */ = {isa = PBXFileReference; lastKnownFileType = sourcecode.swift; path = TVCellChat.swift; sourceTree = "<group>"; };
		555A23AE1FFFBCE6007164C2 /* Chat.swift */ = {isa = PBXFileReference; lastKnownFileType = sourcecode.swift; path = Chat.swift; sourceTree = "<group>"; };
		5A4C5A0CEE53144E4EC87B9E /* Pods-ChatAppFirebase.debug.xcconfig */ = {isa = PBXFileReference; includeInIndex = 1; lastKnownFileType = text.xcconfig; name = "Pods-ChatAppFirebase.debug.xcconfig"; path = "Pods/Target Support Files/Pods-ChatAppFirebase/Pods-ChatAppFirebase.debug.xcconfig"; sourceTree = "<group>"; };
		7934EEABE5F3C63907F3D432 /* Pods_ChatAppFirebaseTests.framework */ = {isa = PBXFileReference; explicitFileType = wrapper.framework; includeInIndex = 0; path = Pods_ChatAppFirebaseTests.framework; sourceTree = BUILT_PRODUCTS_DIR; };
		7EF58434E37E7D6CE9DA63BC /* Pods-ChatAppFirebaseTests.debug.xcconfig */ = {isa = PBXFileReference; includeInIndex = 1; lastKnownFileType = text.xcconfig; name = "Pods-ChatAppFirebaseTests.debug.xcconfig"; path = "Pods/Target Support Files/Pods-ChatAppFirebaseTests/Pods-ChatAppFirebaseTests.debug.xcconfig"; sourceTree = "<group>"; };
		7F9A749CDD7E77A14EA4EC96 /* Pods_ChatAppFirebaseUITests.framework */ = {isa = PBXFileReference; explicitFileType = wrapper.framework; includeInIndex = 0; path = Pods_ChatAppFirebaseUITests.framework; sourceTree = BUILT_PRODUCTS_DIR; };
		8035177E2D79A11290CBA43E /* Pods-ChatAppFirebaseUITests.debug.xcconfig */ = {isa = PBXFileReference; includeInIndex = 1; lastKnownFileType = text.xcconfig; name = "Pods-ChatAppFirebaseUITests.debug.xcconfig"; path = "Pods/Target Support Files/Pods-ChatAppFirebaseUITests/Pods-ChatAppFirebaseUITests.debug.xcconfig"; sourceTree = "<group>"; };
		9754D52537E729365D87DDB7 /* Pods_ChatAppFirebase.framework */ = {isa = PBXFileReference; explicitFileType = wrapper.framework; includeInIndex = 0; path = Pods_ChatAppFirebase.framework; sourceTree = BUILT_PRODUCTS_DIR; };
		A579414DFDA47F8CB516425B /* Pods-ChatAppFirebase.release.xcconfig */ = {isa = PBXFileReference; includeInIndex = 1; lastKnownFileType = text.xcconfig; name = "Pods-ChatAppFirebase.release.xcconfig"; path = "Pods/Target Support Files/Pods-ChatAppFirebase/Pods-ChatAppFirebase.release.xcconfig"; sourceTree = "<group>"; };
/* End PBXFileReference section */

/* Begin PBXFrameworksBuildPhase section */
		550C3EDC1FFE445800C1A316 /* Frameworks */ = {
			isa = PBXFrameworksBuildPhase;
			buildActionMask = 2147483647;
			files = (
				F0B7E2C8E8391DE09A3845F1 /* Pods_ChatAppFirebase.framework in Frameworks */,
			);
			runOnlyForDeploymentPostprocessing = 0;
		};
		550C3EF31FFE445800C1A316 /* Frameworks */ = {
			isa = PBXFrameworksBuildPhase;
			buildActionMask = 2147483647;
			files = (
				EFB300782A82B6A123FE33AF /* Pods_ChatAppFirebaseTests.framework in Frameworks */,
			);
			runOnlyForDeploymentPostprocessing = 0;
		};
		550C3EFE1FFE445800C1A316 /* Frameworks */ = {
			isa = PBXFrameworksBuildPhase;
			buildActionMask = 2147483647;
			files = (
				0AEAB8E48B954EBEB9C74622 /* Pods_ChatAppFirebaseUITests.framework in Frameworks */,
			);
			runOnlyForDeploymentPostprocessing = 0;
		};
/* End PBXFrameworksBuildPhase section */

/* Begin PBXGroup section */
		2869623AB8D6D97F6B75604E /* Frameworks */ = {
			isa = PBXGroup;
			children = (
				9754D52537E729365D87DDB7 /* Pods_ChatAppFirebase.framework */,
				7934EEABE5F3C63907F3D432 /* Pods_ChatAppFirebaseTests.framework */,
				7F9A749CDD7E77A14EA4EC96 /* Pods_ChatAppFirebaseUITests.framework */,
			);
			name = Frameworks;
			sourceTree = "<group>";
		};
		550C3ED61FFE445800C1A316 = {
			isa = PBXGroup;
			children = (
				550C3EE11FFE445800C1A316 /* ChatAppFirebase */,
				550C3EF91FFE445800C1A316 /* ChatAppFirebaseTests */,
				550C3F041FFE445800C1A316 /* ChatAppFirebaseUITests */,
				550C3EE01FFE445800C1A316 /* Products */,
				E3604CD49A763055C0F97165 /* Pods */,
				2869623AB8D6D97F6B75604E /* Frameworks */,
			);
			sourceTree = "<group>";
		};
		550C3EE01FFE445800C1A316 /* Products */ = {
			isa = PBXGroup;
			children = (
				550C3EDF1FFE445800C1A316 /* ChatAppFirebase.app */,
				550C3EF61FFE445800C1A316 /* ChatAppFirebaseTests.xctest */,
				550C3F011FFE445800C1A316 /* ChatAppFirebaseUITests.xctest */,
			);
			name = Products;
			sourceTree = "<group>";
		};
		550C3EE11FFE445800C1A316 /* ChatAppFirebase */ = {
			isa = PBXGroup;
			children = (
				550C3EE21FFE445800C1A316 /* AppDelegate.swift */,
				550C3EE41FFE445800C1A316 /* ViewController.swift */,
				550C3EE61FFE445800C1A316 /* Main.storyboard */,
				555A23AE1FFFBCE6007164C2 /* Chat.swift */,
				555A23AC1FFFBC10007164C2 /* TVCellChat.swift */,
				555A23AA1FFF921C007164C2 /* VCLogin.swift */,
				550C3EEC1FFE445800C1A316 /* Assets.xcassets */,
				550C3F131FFE44E600C1A316 /* GoogleService-Info.plist */,
				550C3EEE1FFE445800C1A316 /* LaunchScreen.storyboard */,
				550C3EF11FFE445800C1A316 /* Info.plist */,
				550C3EE91FFE445800C1A316 /* ChatAppFirebase.xcdatamodeld */,
			);
			path = ChatAppFirebase;
			sourceTree = "<group>";
		};
		550C3EF91FFE445800C1A316 /* ChatAppFirebaseTests */ = {
			isa = PBXGroup;
			children = (
				550C3EFA1FFE445800C1A316 /* ChatAppFirebaseTests.swift */,
				550C3EFC1FFE445800C1A316 /* Info.plist */,
			);
			path = ChatAppFirebaseTests;
			sourceTree = "<group>";
		};
		550C3F041FFE445800C1A316 /* ChatAppFirebaseUITests */ = {
			isa = PBXGroup;
			children = (
				550C3F051FFE445800C1A316 /* ChatAppFirebaseUITests.swift */,
				550C3F071FFE445800C1A316 /* Info.plist */,
			);
			path = ChatAppFirebaseUITests;
			sourceTree = "<group>";
		};
		E3604CD49A763055C0F97165 /* Pods */ = {
			isa = PBXGroup;
			children = (
				5A4C5A0CEE53144E4EC87B9E /* Pods-ChatAppFirebase.debug.xcconfig */,
				A579414DFDA47F8CB516425B /* Pods-ChatAppFirebase.release.xcconfig */,
				7EF58434E37E7D6CE9DA63BC /* Pods-ChatAppFirebaseTests.debug.xcconfig */,
				0DAC53521008DF11D2137800 /* Pods-ChatAppFirebaseTests.release.xcconfig */,
				8035177E2D79A11290CBA43E /* Pods-ChatAppFirebaseUITests.debug.xcconfig */,
				17FBF0F61506E56177B2EC93 /* Pods-ChatAppFirebaseUITests.release.xcconfig */,
			);
			name = Pods;
			sourceTree = "<group>";
		};
/* End PBXGroup section */

/* Begin PBXNativeTarget section */
		550C3EDE1FFE445800C1A316 /* ChatAppFirebase */ = {
			isa = PBXNativeTarget;
			buildConfigurationList = 550C3F0A1FFE445800C1A316 /* Build configuration list for PBXNativeTarget "ChatAppFirebase" */;
			buildPhases = (
				449956085103F1E1F95E6E2C /* [CP] Check Pods Manifest.lock */,
				550C3EDB1FFE445800C1A316 /* Sources */,
				550C3EDC1FFE445800C1A316 /* Frameworks */,
				550C3EDD1FFE445800C1A316 /* Resources */,
				5CA60D2F2E2636E98BBF9CE5 /* [CP] Embed Pods Frameworks */,
				547451BA7239100E59F64AB2 /* [CP] Copy Pods Resources */,
			);
			buildRules = (
			);
			dependencies = (
			);
			name = ChatAppFirebase;
			productName = ChatAppFirebase;
			productReference = 550C3EDF1FFE445800C1A316 /* ChatAppFirebase.app */;
			productType = "com.apple.product-type.application";
		};
		550C3EF51FFE445800C1A316 /* ChatAppFirebaseTests */ = {
			isa = PBXNativeTarget;
			buildConfigurationList = 550C3F0D1FFE445800C1A316 /* Build configuration list for PBXNativeTarget "ChatAppFirebaseTests" */;
			buildPhases = (
				7F003BF447E7F9A10EF35594 /* [CP] Check Pods Manifest.lock */,
				550C3EF21FFE445800C1A316 /* Sources */,
				550C3EF31FFE445800C1A316 /* Frameworks */,
				550C3EF41FFE445800C1A316 /* Resources */,
				5637AB027D7375CC4029E3E2 /* [CP] Embed Pods Frameworks */,
				886034465E0EF35747A0A5B7 /* [CP] Copy Pods Resources */,
			);
			buildRules = (
			);
			dependencies = (
				550C3EF81FFE445800C1A316 /* PBXTargetDependency */,
			);
			name = ChatAppFirebaseTests;
			productName = ChatAppFirebaseTests;
			productReference = 550C3EF61FFE445800C1A316 /* ChatAppFirebaseTests.xctest */;
			productType = "com.apple.product-type.bundle.unit-test";
		};
		550C3F001FFE445800C1A316 /* ChatAppFirebaseUITests */ = {
			isa = PBXNativeTarget;
			buildConfigurationList = 550C3F101FFE445800C1A316 /* Build configuration list for PBXNativeTarget "ChatAppFirebaseUITests" */;
			buildPhases = (
				226025F43F55642F3B5618E3 /* [CP] Check Pods Manifest.lock */,
				550C3EFD1FFE445800C1A316 /* Sources */,
				550C3EFE1FFE445800C1A316 /* Frameworks */,
				550C3EFF1FFE445800C1A316 /* Resources */,
				D25122E5FE12CF625CBA2B3B /* [CP] Embed Pods Frameworks */,
				2171CB15422496D23360058B /* [CP] Copy Pods Resources */,
			);
			buildRules = (
			);
			dependencies = (
				550C3F031FFE445800C1A316 /* PBXTargetDependency */,
			);
			name = ChatAppFirebaseUITests;
			productName = ChatAppFirebaseUITests;
			productReference = 550C3F011FFE445800C1A316 /* ChatAppFirebaseUITests.xctest */;
			productType = "com.apple.product-type.bundle.ui-testing";
		};
/* End PBXNativeTarget section */

/* Begin PBXProject section */
		550C3ED71FFE445800C1A316 /* Project object */ = {
			isa = PBXProject;
			attributes = {
				LastSwiftUpdateCheck = 0920;
				LastUpgradeCheck = 0920;
				ORGANIZATIONNAME = Gaurishankar;
				TargetAttributes = {
					550C3EDE1FFE445800C1A316 = {
						CreatedOnToolsVersion = 9.2;
						ProvisioningStyle = Automatic;
					};
					550C3EF51FFE445800C1A316 = {
						CreatedOnToolsVersion = 9.2;
						ProvisioningStyle = Automatic;
						TestTargetID = 550C3EDE1FFE445800C1A316;
					};
					550C3F001FFE445800C1A316 = {
						CreatedOnToolsVersion = 9.2;
						ProvisioningStyle = Automatic;
						TestTargetID = 550C3EDE1FFE445800C1A316;
					};
				};
			};
			buildConfigurationList = 550C3EDA1FFE445800C1A316 /* Build configuration list for PBXProject "ChatAppFirebase" */;
			compatibilityVersion = "Xcode 8.0";
			developmentRegion = en;
			hasScannedForEncodings = 0;
			knownRegions = (
				en,
				Base,
			);
			mainGroup = 550C3ED61FFE445800C1A316;
			productRefGroup = 550C3EE01FFE445800C1A316 /* Products */;
			projectDirPath = "";
			projectRoot = "";
			targets = (
				550C3EDE1FFE445800C1A316 /* ChatAppFirebase */,
				550C3EF51FFE445800C1A316 /* ChatAppFirebaseTests */,
				550C3F001FFE445800C1A316 /* ChatAppFirebaseUITests */,
			);
		};
/* End PBXProject section */

/* Begin PBXResourcesBuildPhase section */
		550C3EDD1FFE445800C1A316 /* Resources */ = {
			isa = PBXResourcesBuildPhase;
			buildActionMask = 2147483647;
			files = (
				550C3EF01FFE445800C1A316 /* LaunchScreen.storyboard in Resources */,
				550C3F141FFE44E700C1A316 /* GoogleService-Info.plist in Resources */,
				550C3EED1FFE445800C1A316 /* Assets.xcassets in Resources */,
				550C3EE81FFE445800C1A316 /* Main.storyboard in Resources */,
			);
			runOnlyForDeploymentPostprocessing = 0;
		};
		550C3EF41FFE445800C1A316 /* Resources */ = {
			isa = PBXResourcesBuildPhase;
			buildActionMask = 2147483647;
			files = (
			);
			runOnlyForDeploymentPostprocessing = 0;
		};
		550C3EFF1FFE445800C1A316 /* Resources */ = {
			isa = PBXResourcesBuildPhase;
			buildActionMask = 2147483647;
			files = (
			);
			runOnlyForDeploymentPostprocessing = 0;
		};
/* End PBXResourcesBuildPhase section */

/* Begin PBXShellScriptBuildPhase section */
		2171CB15422496D23360058B /* [CP] Copy Pods Resources */ = {
			isa = PBXShellScriptBuildPhase;
			buildActionMask = 2147483647;
			files = (
			);
			inputPaths = (
			);
			name = "[CP] Copy Pods Resources";
			outputPaths = (
			);
			runOnlyForDeploymentPostprocessing = 0;
			shellPath = /bin/sh;
			shellScript = "\"${SRCROOT}/Pods/Target Support Files/Pods-ChatAppFirebaseUITests/Pods-ChatAppFirebaseUITests-resources.sh\"\n";
			showEnvVarsInLog = 0;
		};
		226025F43F55642F3B5618E3 /* [CP] Check Pods Manifest.lock */ = {
			isa = PBXShellScriptBuildPhase;
			buildActionMask = 2147483647;
			files = (
			);
			inputPaths = (
				"${PODS_PODFILE_DIR_PATH}/Podfile.lock",
				"${PODS_ROOT}/Manifest.lock",
			);
			name = "[CP] Check Pods Manifest.lock";
			outputPaths = (
				"$(DERIVED_FILE_DIR)/Pods-ChatAppFirebaseUITests-checkManifestLockResult.txt",
			);
			runOnlyForDeploymentPostprocessing = 0;
			shellPath = /bin/sh;
			shellScript = "diff \"${PODS_PODFILE_DIR_PATH}/Podfile.lock\" \"${PODS_ROOT}/Manifest.lock\" > /dev/null\nif [ $? != 0 ] ; then\n    # print error to STDERR\n    echo \"error: The sandbox is not in sync with the Podfile.lock. Run 'pod install' or update your CocoaPods installation.\" >&2\n    exit 1\nfi\n# This output is used by Xcode 'outputs' to avoid re-running this script phase.\necho \"SUCCESS\" > \"${SCRIPT_OUTPUT_FILE_0}\"\n";
			showEnvVarsInLog = 0;
		};
		449956085103F1E1F95E6E2C /* [CP] Check Pods Manifest.lock */ = {
			isa = PBXShellScriptBuildPhase;
			buildActionMask = 2147483647;
			files = (
			);
			inputPaths = (
				"${PODS_PODFILE_DIR_PATH}/Podfile.lock",
				"${PODS_ROOT}/Manifest.lock",
			);
			name = "[CP] Check Pods Manifest.lock";
			outputPaths = (
				"$(DERIVED_FILE_DIR)/Pods-ChatAppFirebase-checkManifestLockResult.txt",
			);
			runOnlyForDeploymentPostprocessing = 0;
			shellPath = /bin/sh;
			shellScript = "diff \"${PODS_PODFILE_DIR_PATH}/Podfile.lock\" \"${PODS_ROOT}/Manifest.lock\" > /dev/null\nif [ $? != 0 ] ; then\n    # print error to STDERR\n    echo \"error: The sandbox is not in sync with the Podfile.lock. Run 'pod install' or update your CocoaPods installation.\" >&2\n    exit 1\nfi\n# This output is used by Xcode 'outputs' to avoid re-running this script phase.\necho \"SUCCESS\" > \"${SCRIPT_OUTPUT_FILE_0}\"\n";
			showEnvVarsInLog = 0;
		};
		547451BA7239100E59F64AB2 /* [CP] Copy Pods Resources */ = {
			isa = PBXShellScriptBuildPhase;
			buildActionMask = 2147483647;
			files = (
			);
			inputPaths = (
			);
			name = "[CP] Copy Pods Resources";
			outputPaths = (
			);
			runOnlyForDeploymentPostprocessing = 0;
			shellPath = /bin/sh;
			shellScript = "\"${SRCROOT}/Pods/Target Support Files/Pods-ChatAppFirebase/Pods-ChatAppFirebase-resources.sh\"\n";
			showEnvVarsInLog = 0;
		};
		5637AB027D7375CC4029E3E2 /* [CP] Embed Pods Frameworks */ = {
			isa = PBXShellScriptBuildPhase;
			buildActionMask = 2147483647;
			files = (
			);
			inputPaths = (
				"${SRCROOT}/Pods/Target Support Files/Pods-ChatAppFirebaseTests/Pods-ChatAppFirebaseTests-frameworks.sh",
				"${BUILT_PRODUCTS_DIR}/GoogleToolboxForMac/GoogleToolboxForMac.framework",
				"${BUILT_PRODUCTS_DIR}/nanopb/nanopb.framework",
			);
			name = "[CP] Embed Pods Frameworks";
			outputPaths = (
				"${TARGET_BUILD_DIR}/${FRAMEWORKS_FOLDER_PATH}/GoogleToolboxForMac.framework",
				"${TARGET_BUILD_DIR}/${FRAMEWORKS_FOLDER_PATH}/nanopb.framework",
			);
			runOnlyForDeploymentPostprocessing = 0;
			shellPath = /bin/sh;
			shellScript = "\"${SRCROOT}/Pods/Target Support Files/Pods-ChatAppFirebaseTests/Pods-ChatAppFirebaseTests-frameworks.sh\"\n";
			showEnvVarsInLog = 0;
		};
		5CA60D2F2E2636E98BBF9CE5 /* [CP] Embed Pods Frameworks */ = {
			isa = PBXShellScriptBuildPhase;
			buildActionMask = 2147483647;
			files = (
			);
			inputPaths = (
				"${SRCROOT}/Pods/Target Support Files/Pods-ChatAppFirebase/Pods-ChatAppFirebase-frameworks.sh",
				"${BUILT_PRODUCTS_DIR}/GTMSessionFetcher/GTMSessionFetcher.framework",
				"${BUILT_PRODUCTS_DIR}/GoogleToolboxForMac/GoogleToolboxForMac.framework",
				"${BUILT_PRODUCTS_DIR}/leveldb-library/leveldb.framework",
				"${BUILT_PRODUCTS_DIR}/nanopb/nanopb.framework",
			);
			name = "[CP] Embed Pods Frameworks";
			outputPaths = (
				"${TARGET_BUILD_DIR}/${FRAMEWORKS_FOLDER_PATH}/GTMSessionFetcher.framework",
				"${TARGET_BUILD_DIR}/${FRAMEWORKS_FOLDER_PATH}/GoogleToolboxForMac.framework",
				"${TARGET_BUILD_DIR}/${FRAMEWORKS_FOLDER_PATH}/leveldb.framework",
				"${TARGET_BUILD_DIR}/${FRAMEWORKS_FOLDER_PATH}/nanopb.framework",
			);
			runOnlyForDeploymentPostprocessing = 0;
			shellPath = /bin/sh;
			shellScript = "\"${SRCROOT}/Pods/Target Support Files/Pods-ChatAppFirebase/Pods-ChatAppFirebase-frameworks.sh\"\n";
			showEnvVarsInLog = 0;
		};
		7F003BF447E7F9A10EF35594 /* [CP] Check Pods Manifest.lock */ = {
			isa = PBXShellScriptBuildPhase;
			buildActionMask = 2147483647;
			files = (
			);
			inputPaths = (
				"${PODS_PODFILE_DIR_PATH}/Podfile.lock",
				"${PODS_ROOT}/Manifest.lock",
			);
			name = "[CP] Check Pods Manifest.lock";
			outputPaths = (
				"$(DERIVED_FILE_DIR)/Pods-ChatAppFirebaseTests-checkManifestLockResult.txt",
			);
			runOnlyForDeploymentPostprocessing = 0;
			shellPath = /bin/sh;
			shellScript = "diff \"${PODS_PODFILE_DIR_PATH}/Podfile.lock\" \"${PODS_ROOT}/Manifest.lock\" > /dev/null\nif [ $? != 0 ] ; then\n    # print error to STDERR\n    echo \"error: The sandbox is not in sync with the Podfile.lock. Run 'pod install' or update your CocoaPods installation.\" >&2\n    exit 1\nfi\n# This output is used by Xcode 'outputs' to avoid re-running this script phase.\necho \"SUCCESS\" > \"${SCRIPT_OUTPUT_FILE_0}\"\n";
			showEnvVarsInLog = 0;
		};
		886034465E0EF35747A0A5B7 /* [CP] Copy Pods Resources */ = {
			isa = PBXShellScriptBuildPhase;
			buildActionMask = 2147483647;
			files = (
			);
			inputPaths = (
			);
			name = "[CP] Copy Pods Resources";
			outputPaths = (
			);
			runOnlyForDeploymentPostprocessing = 0;
			shellPath = /bin/sh;
			shellScript = "\"${SRCROOT}/Pods/Target Support Files/Pods-ChatAppFirebaseTests/Pods-ChatAppFirebaseTests-resources.sh\"\n";
			showEnvVarsInLog = 0;
		};
		D25122E5FE12CF625CBA2B3B /* [CP] Embed Pods Frameworks */ = {
			isa = PBXShellScriptBuildPhase;
			buildActionMask = 2147483647;
			files = (
			);
			inputPaths = (
			);
			name = "[CP] Embed Pods Frameworks";
			outputPaths = (
			);
			runOnlyForDeploymentPostprocessing = 0;
			shellPath = /bin/sh;
			shellScript = "\"${SRCROOT}/Pods/Target Support Files/Pods-ChatAppFirebaseUITests/Pods-ChatAppFirebaseUITests-frameworks.sh\"\n";
			showEnvVarsInLog = 0;
		};
/* End PBXShellScriptBuildPhase section */

/* Begin PBXSourcesBuildPhase section */
		550C3EDB1FFE445800C1A316 /* Sources */ = {
			isa = PBXSourcesBuildPhase;
			buildActionMask = 2147483647;
			files = (
				550C3EE51FFE445800C1A316 /* ViewController.swift in Sources */,
				555A23AF1FFFBCE6007164C2 /* Chat.swift in Sources */,
				555A23AD1FFFBC10007164C2 /* TVCellChat.swift in Sources */,
				550C3EE31FFE445800C1A316 /* AppDelegate.swift in Sources */,
				555A23AB1FFF921C007164C2 /* VCLogin.swift in Sources */,
				550C3EEB1FFE445800C1A316 /* ChatAppFirebase.xcdatamodeld in Sources */,
			);
			runOnlyForDeploymentPostprocessing = 0;
		};
		550C3EF21FFE445800C1A316 /* Sources */ = {
			isa = PBXSourcesBuildPhase;
			buildActionMask = 2147483647;
			files = (
				550C3EFB1FFE445800C1A316 /* ChatAppFirebaseTests.swift in Sources */,
			);
			runOnlyForDeploymentPostprocessing = 0;
		};
		550C3EFD1FFE445800C1A316 /* Sources */ = {
			isa = PBXSourcesBuildPhase;
			buildActionMask = 2147483647;
			files = (
				550C3F061FFE445800C1A316 /* ChatAppFirebaseUITests.swift in Sources */,
			);
			runOnlyForDeploymentPostprocessing = 0;
		};
/* End PBXSourcesBuildPhase section */

/* Begin PBXTargetDependency section */
		550C3EF81FFE445800C1A316 /* PBXTargetDependency */ = {
			isa = PBXTargetDependency;
			target = 550C3EDE1FFE445800C1A316 /* ChatAppFirebase */;
			targetProxy = 550C3EF71FFE445800C1A316 /* PBXContainerItemProxy */;
		};
		550C3F031FFE445800C1A316 /* PBXTargetDependency */ = {
			isa = PBXTargetDependency;
			target = 550C3EDE1FFE445800C1A316 /* ChatAppFirebase */;
			targetProxy = 550C3F021FFE445800C1A316 /* PBXContainerItemProxy */;
		};
/* End PBXTargetDependency section */

/* Begin PBXVariantGroup section */
		550C3EE61FFE445800C1A316 /* Main.storyboard */ = {
			isa = PBXVariantGroup;
			children = (
				550C3EE71FFE445800C1A316 /* Base */,
			);
			name = Main.storyboard;
			sourceTree = "<group>";
		};
		550C3EEE1FFE445800C1A316 /* LaunchScreen.storyboard */ = {
			isa = PBXVariantGroup;
			children = (
				550C3EEF1FFE445800C1A316 /* Base */,
			);
			name = LaunchScreen.storyboard;
			sourceTree = "<group>";
		};
/* End PBXVariantGroup section */

/* Begin XCBuildConfiguration section */
		550C3F081FFE445800C1A316 /* Debug */ = {
			isa = XCBuildConfiguration;
			buildSettings = {
				ALWAYS_SEARCH_USER_PATHS = NO;
				CLANG_ANALYZER_NONNULL = YES;
				CLANG_ANALYZER_NUMBER_OBJECT_CONVERSION = YES_AGGRESSIVE;
				CLANG_CXX_LANGUAGE_STANDARD = "gnu++14";
				CLANG_CXX_LIBRARY = "libc++";
				CLANG_ENABLE_MODULES = YES;
				CLANG_ENABLE_OBJC_ARC = YES;
				CLANG_WARN_BLOCK_CAPTURE_AUTORELEASING = YES;
				CLANG_WARN_BOOL_CONVERSION = YES;
				CLANG_WARN_COMMA = YES;
				CLANG_WARN_CONSTANT_CONVERSION = YES;
				CLANG_WARN_DIRECT_OBJC_ISA_USAGE = YES_ERROR;
				CLANG_WARN_DOCUMENTATION_COMMENTS = YES;
				CLANG_WARN_EMPTY_BODY = YES;
				CLANG_WARN_ENUM_CONVERSION = YES;
				CLANG_WARN_INFINITE_RECURSION = YES;
				CLANG_WARN_INT_CONVERSION = YES;
				CLANG_WARN_NON_LITERAL_NULL_CONVERSION = YES;
				CLANG_WARN_OBJC_LITERAL_CONVERSION = YES;
				CLANG_WARN_OBJC_ROOT_CLASS = YES_ERROR;
				CLANG_WARN_RANGE_LOOP_ANALYSIS = YES;
				CLANG_WARN_STRICT_PROTOTYPES = YES;
				CLANG_WARN_SUSPICIOUS_MOVE = YES;
				CLANG_WARN_UNGUARDED_AVAILABILITY = YES_AGGRESSIVE;
				CLANG_WARN_UNREACHABLE_CODE = YES;
				CLANG_WARN__DUPLICATE_METHOD_MATCH = YES;
				CODE_SIGN_IDENTITY = "iPhone Developer";
				COPY_PHASE_STRIP = NO;
				DEBUG_INFORMATION_FORMAT = dwarf;
				ENABLE_STRICT_OBJC_MSGSEND = YES;
				ENABLE_TESTABILITY = YES;
				GCC_C_LANGUAGE_STANDARD = gnu11;
				GCC_DYNAMIC_NO_PIC = NO;
				GCC_NO_COMMON_BLOCKS = YES;
				GCC_OPTIMIZATION_LEVEL = 0;
				GCC_PREPROCESSOR_DEFINITIONS = (
					"DEBUG=1",
					"$(inherited)",
				);
				GCC_WARN_64_TO_32_BIT_CONVERSION = YES;
				GCC_WARN_ABOUT_RETURN_TYPE = YES_ERROR;
				GCC_WARN_UNDECLARED_SELECTOR = YES;
				GCC_WARN_UNINITIALIZED_AUTOS = YES_AGGRESSIVE;
				GCC_WARN_UNUSED_FUNCTION = YES;
				GCC_WARN_UNUSED_VARIABLE = YES;
				IPHONEOS_DEPLOYMENT_TARGET = 11.2;
				MTL_ENABLE_DEBUG_INFO = YES;
				ONLY_ACTIVE_ARCH = YES;
				SDKROOT = iphoneos;
				SWIFT_ACTIVE_COMPILATION_CONDITIONS = DEBUG;
				SWIFT_OPTIMIZATION_LEVEL = "-Onone";
			};
			name = Debug;
		};
		550C3F091FFE445800C1A316 /* Release */ = {
			isa = XCBuildConfiguration;
			buildSettings = {
				ALWAYS_SEARCH_USER_PATHS = NO;
				CLANG_ANALYZER_NONNULL = YES;
				CLANG_ANALYZER_NUMBER_OBJECT_CONVERSION = YES_AGGRESSIVE;
				CLANG_CXX_LANGUAGE_STANDARD = "gnu++14";
				CLANG_CXX_LIBRARY = "libc++";
				CLANG_ENABLE_MODULES = YES;
				CLANG_ENABLE_OBJC_ARC = YES;
				CLANG_WARN_BLOCK_CAPTURE_AUTORELEASING = YES;
				CLANG_WARN_BOOL_CONVERSION = YES;
				CLANG_WARN_COMMA = YES;
				CLANG_WARN_CONSTANT_CONVERSION = YES;
				CLANG_WARN_DIRECT_OBJC_ISA_USAGE = YES_ERROR;
				CLANG_WARN_DOCUMENTATION_COMMENTS = YES;
				CLANG_WARN_EMPTY_BODY = YES;
				CLANG_WARN_ENUM_CONVERSION = YES;
				CLANG_WARN_INFINITE_RECURSION = YES;
				CLANG_WARN_INT_CONVERSION = YES;
				CLANG_WARN_NON_LITERAL_NULL_CONVERSION = YES;
				CLANG_WARN_OBJC_LITERAL_CONVERSION = YES;
				CLANG_WARN_OBJC_ROOT_CLASS = YES_ERROR;
				CLANG_WARN_RANGE_LOOP_ANALYSIS = YES;
				CLANG_WARN_STRICT_PROTOTYPES = YES;
				CLANG_WARN_SUSPICIOUS_MOVE = YES;
				CLANG_WARN_UNGUARDED_AVAILABILITY = YES_AGGRESSIVE;
				CLANG_WARN_UNREACHABLE_CODE = YES;
				CLANG_WARN__DUPLICATE_METHOD_MATCH = YES;
				CODE_SIGN_IDENTITY = "iPhone Developer";
				COPY_PHASE_STRIP = NO;
				DEBUG_INFORMATION_FORMAT = "dwarf-with-dsym";
				ENABLE_NS_ASSERTIONS = NO;
				ENABLE_STRICT_OBJC_MSGSEND = YES;
				GCC_C_LANGUAGE_STANDARD = gnu11;
				GCC_NO_COMMON_BLOCKS = YES;
				GCC_WARN_64_TO_32_BIT_CONVERSION = YES;
				GCC_WARN_ABOUT_RETURN_TYPE = YES_ERROR;
				GCC_WARN_UNDECLARED_SELECTOR = YES;
				GCC_WARN_UNINITIALIZED_AUTOS = YES_AGGRESSIVE;
				GCC_WARN_UNUSED_FUNCTION = YES;
				GCC_WARN_UNUSED_VARIABLE = YES;
				IPHONEOS_DEPLOYMENT_TARGET = 11.2;
				MTL_ENABLE_DEBUG_INFO = NO;
				SDKROOT = iphoneos;
				SWIFT_OPTIMIZATION_LEVEL = "-Owholemodule";
				VALIDATE_PRODUCT = YES;
			};
			name = Release;
		};
		550C3F0B1FFE445800C1A316 /* Debug */ = {
			isa = XCBuildConfiguration;
			baseConfigurationReference = 5A4C5A0CEE53144E4EC87B9E /* Pods-ChatAppFirebase.debug.xcconfig */;
			buildSettings = {
				ASSETCATALOG_COMPILER_APPICON_NAME = AppIcon;
				CODE_SIGN_STYLE = Automatic;
				DEVELOPMENT_TEAM = GSA54HZN69;
				INFOPLIST_FILE = ChatAppFirebase/Info.plist;
				LD_RUNPATH_SEARCH_PATHS = "$(inherited) @executable_path/Frameworks";
				PRODUCT_BUNDLE_IDENTIFIER = AITGlobal.ChatAppFirebase;
				PRODUCT_NAME = "$(TARGET_NAME)";
				SWIFT_VERSION = 4.0;
				TARGETED_DEVICE_FAMILY = "1,2";
			};
			name = Debug;
		};
		550C3F0C1FFE445800C1A316 /* Release */ = {
			isa = XCBuildConfiguration;
			baseConfigurationReference = A579414DFDA47F8CB516425B /* Pods-ChatAppFirebase.release.xcconfig */;
			buildSettings = {
				ASSETCATALOG_COMPILER_APPICON_NAME = AppIcon;
				CODE_SIGN_STYLE = Automatic;
				DEVELOPMENT_TEAM = GSA54HZN69;
				INFOPLIST_FILE = ChatAppFirebase/Info.plist;
				LD_RUNPATH_SEARCH_PATHS = "$(inherited) @executable_path/Frameworks";
				PRODUCT_BUNDLE_IDENTIFIER = AITGlobal.ChatAppFirebase;
				PRODUCT_NAME = "$(TARGET_NAME)";
				SWIFT_VERSION = 4.0;
				TARGETED_DEVICE_FAMILY = "1,2";
			};
			name = Release;
		};
		550C3F0E1FFE445800C1A316 /* Debug */ = {
			isa = XCBuildConfiguration;
			baseConfigurationReference = 7EF58434E37E7D6CE9DA63BC /* Pods-ChatAppFirebaseTests.debug.xcconfig */;
			buildSettings = {
				ALWAYS_EMBED_SWIFT_STANDARD_LIBRARIES = YES;
				BUNDLE_LOADER = "$(TEST_HOST)";
				CODE_SIGN_STYLE = Automatic;
				DEVELOPMENT_TEAM = GSA54HZN69;
				INFOPLIST_FILE = ChatAppFirebaseTests/Info.plist;
				LD_RUNPATH_SEARCH_PATHS = "$(inherited) @executable_path/Frameworks @loader_path/Frameworks";
				PRODUCT_BUNDLE_IDENTIFIER = AITGlobal.ChatAppFirebaseTests;
				PRODUCT_NAME = "$(TARGET_NAME)";
				SWIFT_VERSION = 4.0;
				TARGETED_DEVICE_FAMILY = "1,2";
				TEST_HOST = "$(BUILT_PRODUCTS_DIR)/ChatAppFirebase.app/ChatAppFirebase";
			};
			name = Debug;
		};
		550C3F0F1FFE445800C1A316 /* Release */ = {
			isa = XCBuildConfiguration;
			baseConfigurationReference = 0DAC53521008DF11D2137800 /* Pods-ChatAppFirebaseTests.release.xcconfig */;
			buildSettings = {
				ALWAYS_EMBED_SWIFT_STANDARD_LIBRARIES = YES;
				BUNDLE_LOADER = "$(TEST_HOST)";
				CODE_SIGN_STYLE = Automatic;
				DEVELOPMENT_TEAM = GSA54HZN69;
				INFOPLIST_FILE = ChatAppFirebaseTests/Info.plist;
				LD_RUNPATH_SEARCH_PATHS = "$(inherited) @executable_path/Frameworks @loader_path/Frameworks";
				PRODUCT_BUNDLE_IDENTIFIER = AITGlobal.ChatAppFirebaseTests;
				PRODUCT_NAME = "$(TARGET_NAME)";
				SWIFT_VERSION = 4.0;
				TARGETED_DEVICE_FAMILY = "1,2";
				TEST_HOST = "$(BUILT_PRODUCTS_DIR)/ChatAppFirebase.app/ChatAppFirebase";
			};
			name = Release;
		};
		550C3F111FFE445800C1A316 /* Debug */ = {
			isa = XCBuildConfiguration;
			baseConfigurationReference = 8035177E2D79A11290CBA43E /* Pods-ChatAppFirebaseUITests.debug.xcconfig */;
			buildSettings = {
				ALWAYS_EMBED_SWIFT_STANDARD_LIBRARIES = YES;
				CODE_SIGN_STYLE = Automatic;
				DEVELOPMENT_TEAM = GSA54HZN69;
				INFOPLIST_FILE = ChatAppFirebaseUITests/Info.plist;
				LD_RUNPATH_SEARCH_PATHS = "$(inherited) @executable_path/Frameworks @loader_path/Frameworks";
				PRODUCT_BUNDLE_IDENTIFIER = AITGlobal.ChatAppFirebaseUITests;
				PRODUCT_NAME = "$(TARGET_NAME)";
				SWIFT_VERSION = 4.0;
				TARGETED_DEVICE_FAMILY = "1,2";
				TEST_TARGET_NAME = ChatAppFirebase;
			};
			name = Debug;
		};
		550C3F121FFE445800C1A316 /* Release */ = {
			isa = XCBuildConfiguration;
			baseConfigurationReference = 17FBF0F61506E56177B2EC93 /* Pods-ChatAppFirebaseUITests.release.xcconfig */;
			buildSettings = {
				ALWAYS_EMBED_SWIFT_STANDARD_LIBRARIES = YES;
				CODE_SIGN_STYLE = Automatic;
				DEVELOPMENT_TEAM = GSA54HZN69;
				INFOPLIST_FILE = ChatAppFirebaseUITests/Info.plist;
				LD_RUNPATH_SEARCH_PATHS = "$(inherited) @executable_path/Frameworks @loader_path/Frameworks";
				PRODUCT_BUNDLE_IDENTIFIER = AITGlobal.ChatAppFirebaseUITests;
				PRODUCT_NAME = "$(TARGET_NAME)";
				SWIFT_VERSION = 4.0;
				TARGETED_DEVICE_FAMILY = "1,2";
				TEST_TARGET_NAME = ChatAppFirebase;
			};
			name = Release;
		};
/* End XCBuildConfiguration section */

/* Begin XCConfigurationList section */
		550C3EDA1FFE445800C1A316 /* Build configuration list for PBXProject "ChatAppFirebase" */ = {
			isa = XCConfigurationList;
			buildConfigurations = (
				550C3F081FFE445800C1A316 /* Debug */,
				550C3F091FFE445800C1A316 /* Release */,
			);
			defaultConfigurationIsVisible = 0;
			defaultConfigurationName = Release;
		};
		550C3F0A1FFE445800C1A316 /* Build configuration list for PBXNativeTarget "ChatAppFirebase" */ = {
			isa = XCConfigurationList;
			buildConfigurations = (
				550C3F0B1FFE445800C1A316 /* Debug */,
				550C3F0C1FFE445800C1A316 /* Release */,
			);
			defaultConfigurationIsVisible = 0;
			defaultConfigurationName = Release;
		};
		550C3F0D1FFE445800C1A316 /* Build configuration list for PBXNativeTarget "ChatAppFirebaseTests" */ = {
			isa = XCConfigurationList;
			buildConfigurations = (
				550C3F0E1FFE445800C1A316 /* Debug */,
				550C3F0F1FFE445800C1A316 /* Release */,
			);
			defaultConfigurationIsVisible = 0;
			defaultConfigurationName = Release;
		};
		550C3F101FFE445800C1A316 /* Build configuration list for PBXNativeTarget "ChatAppFirebaseUITests" */ = {
			isa = XCConfigurationList;
			buildConfigurations = (
				550C3F111FFE445800C1A316 /* Debug */,
				550C3F121FFE445800C1A316 /* Release */,
			);
			defaultConfigurationIsVisible = 0;
			defaultConfigurationName = Release;
		};
/* End XCConfigurationList section */

/* Begin XCVersionGroup section */
		550C3EE91FFE445800C1A316 /* ChatAppFirebase.xcdatamodeld */ = {
			isa = XCVersionGroup;
			children = (
				550C3EEA1FFE445800C1A316 /* ChatAppFirebase.xcdatamodel */,
			);
			currentVersion = 550C3EEA1FFE445800C1A316 /* ChatAppFirebase.xcdatamodel */;
			path = ChatAppFirebase.xcdatamodeld;
			sourceTree = "<group>";
			versionGroupType = wrapper.xcdatamodel;
		};
/* End XCVersionGroup section */
	};
	rootObject = 550C3ED71FFE445800C1A316 /* Project object */;
}
